// !$*UTF8*$!
{
	archiveVersion = 1;
	classes = {
	};
	objectVersion = 77;
	objects = {

/* Begin PBXBuildFile section */
		1A4DB7752D4FBDB700964DE0 /* ListKit.framework in Frameworks */ = {isa = PBXBuildFile; fileRef = 1A4DB7742D4FBDB700964DE0 /* ListKit.framework */; };
		1A4DB7762D4FBDB700964DE0 /* ListKit.framework in Embed Frameworks */ = {isa = PBXBuildFile; fileRef = 1A4DB7742D4FBDB700964DE0 /* ListKit.framework */; settings = {ATTRIBUTES = (CodeSignOnCopy, RemoveHeadersOnCopy, ); }; };
		1A4DB7AB2D4FD4A400964DE0 /* Networking.framework in Frameworks */ = {isa = PBXBuildFile; fileRef = 1A4DB7AA2D4FD4A400964DE0 /* Networking.framework */; };
		1A4DB7AC2D4FD4A400964DE0 /* Networking.framework in Embed Frameworks */ = {isa = PBXBuildFile; fileRef = 1A4DB7AA2D4FD4A400964DE0 /* Networking.framework */; settings = {ATTRIBUTES = (CodeSignOnCopy, RemoveHeadersOnCopy, ); }; };
		1A4DB8682D4FDE3100964DE0 /* Utils.framework in Frameworks */ = {isa = PBXBuildFile; fileRef = 1A4DB8672D4FDE3100964DE0 /* Utils.framework */; };
		1A4DB8692D4FDE3100964DE0 /* Utils.framework in Embed Frameworks */ = {isa = PBXBuildFile; fileRef = 1A4DB8672D4FDE3100964DE0 /* Utils.framework */; settings = {ATTRIBUTES = (CodeSignOnCopy, RemoveHeadersOnCopy, ); }; };
		1A4DB86E2D4FE21C00964DE0 /* Utils.framework in Frameworks */ = {isa = PBXBuildFile; fileRef = 1A4DB86D2D4FE21C00964DE0 /* Utils.framework */; };
		1A4DB86F2D4FE21C00964DE0 /* Utils.framework in Embed Frameworks */ = {isa = PBXBuildFile; fileRef = 1A4DB86D2D4FE21C00964DE0 /* Utils.framework */; settings = {ATTRIBUTES = (CodeSignOnCopy, RemoveHeadersOnCopy, ); }; };
		1A9648E22D47CF7100268B29 /* ArtworkFeatureInterface.framework in Frameworks */ = {isa = PBXBuildFile; fileRef = 1A0B4B242D477FFB002D10DE /* ArtworkFeatureInterface.framework */; };
		1A9648E32D47CF7100268B29 /* ArtworkFeatureInterface.framework in Embed Frameworks */ = {isa = PBXBuildFile; fileRef = 1A0B4B242D477FFB002D10DE /* ArtworkFeatureInterface.framework */; settings = {ATTRIBUTES = (CodeSignOnCopy, RemoveHeadersOnCopy, ); }; };
		1A9648ED2D47CF9C00268B29 /* DesignSystem.framework in Frameworks */ = {isa = PBXBuildFile; fileRef = 1A9648EC2D47CF9C00268B29 /* DesignSystem.framework */; };
		1A9648EE2D47CF9C00268B29 /* DesignSystem.framework in Embed Frameworks */ = {isa = PBXBuildFile; fileRef = 1A9648EC2D47CF9C00268B29 /* DesignSystem.framework */; settings = {ATTRIBUTES = (CodeSignOnCopy, RemoveHeadersOnCopy, ); }; };
		1A9649DC2D4A936F00268B29 /* ThirdParty.framework in Frameworks */ = {isa = PBXBuildFile; fileRef = 1A9649DB2D4A936F00268B29 /* ThirdParty.framework */; };
		1A9649DD2D4A936F00268B29 /* ThirdParty.framework in Embed Frameworks */ = {isa = PBXBuildFile; fileRef = 1A9649DB2D4A936F00268B29 /* ThirdParty.framework */; settings = {ATTRIBUTES = (CodeSignOnCopy, RemoveHeadersOnCopy, ); }; };
		1AA6AAB52D5A5A5500A6CC9D /* CommonUI.framework in Frameworks */ = {isa = PBXBuildFile; fileRef = 1AA6AAB42D5A5A5500A6CC9D /* CommonUI.framework */; };
		1AA6AAB62D5A5A5500A6CC9D /* CommonUI.framework in Embed Frameworks */ = {isa = PBXBuildFile; fileRef = 1AA6AAB42D5A5A5500A6CC9D /* CommonUI.framework */; settings = {ATTRIBUTES = (CodeSignOnCopy, RemoveHeadersOnCopy, ); }; };
/* End PBXBuildFile section */

/* Begin PBXContainerItemProxy section */
		1A9648E42D47CF7100268B29 /* PBXContainerItemProxy */ = {
			isa = PBXContainerItemProxy;
			containerPortal = 1A0B4B0D2D477FED002D10DE /* Project object */;
			proxyType = 1;
			remoteGlobalIDString = 1A0B4B232D477FFB002D10DE;
			remoteInfo = ArtworkFeatureInterface;
		};
/* End PBXContainerItemProxy section */

/* Begin PBXCopyFilesBuildPhase section */
		1A4DB8702D4FE21C00964DE0 /* Embed Frameworks */ = {
			isa = PBXCopyFilesBuildPhase;
			buildActionMask = 2147483647;
			dstPath = "";
			dstSubfolderSpec = 10;
			files = (
				1A4DB86F2D4FE21C00964DE0 /* Utils.framework in Embed Frameworks */,
			);
			name = "Embed Frameworks";
			runOnlyForDeploymentPostprocessing = 0;
		};
		1A9648E62D47CF7100268B29 /* Embed Frameworks */ = {
			isa = PBXCopyFilesBuildPhase;
			buildActionMask = 2147483647;
			dstPath = "";
			dstSubfolderSpec = 10;
			files = (
				1A9648E32D47CF7100268B29 /* ArtworkFeatureInterface.framework in Embed Frameworks */,
				1A4DB7762D4FBDB700964DE0 /* ListKit.framework in Embed Frameworks */,
				1AA6AAB62D5A5A5500A6CC9D /* CommonUI.framework in Embed Frameworks */,
				1A9649DD2D4A936F00268B29 /* ThirdParty.framework in Embed Frameworks */,
				1A4DB7AC2D4FD4A400964DE0 /* Networking.framework in Embed Frameworks */,
				1A4DB8692D4FDE3100964DE0 /* Utils.framework in Embed Frameworks */,
				1A9648EE2D47CF9C00268B29 /* DesignSystem.framework in Embed Frameworks */,
			);
			name = "Embed Frameworks";
			runOnlyForDeploymentPostprocessing = 0;
		};
/* End PBXCopyFilesBuildPhase section */

/* Begin PBXFileReference section */
		1A0B4B242D477FFB002D10DE /* ArtworkFeatureInterface.framework */ = {isa = PBXFileReference; explicitFileType = wrapper.framework; includeInIndex = 0; path = ArtworkFeatureInterface.framework; sourceTree = BUILT_PRODUCTS_DIR; };
		1A4DB7742D4FBDB700964DE0 /* ListKit.framework */ = {isa = PBXFileReference; explicitFileType = wrapper.framework; path = ListKit.framework; sourceTree = BUILT_PRODUCTS_DIR; };
		1A4DB7AA2D4FD4A400964DE0 /* Networking.framework */ = {isa = PBXFileReference; explicitFileType = wrapper.framework; path = Networking.framework; sourceTree = BUILT_PRODUCTS_DIR; };
		1A4DB8672D4FDE3100964DE0 /* Utils.framework */ = {isa = PBXFileReference; explicitFileType = wrapper.framework; path = Utils.framework; sourceTree = BUILT_PRODUCTS_DIR; };
		1A4DB86D2D4FE21C00964DE0 /* Utils.framework */ = {isa = PBXFileReference; explicitFileType = wrapper.framework; path = Utils.framework; sourceTree = BUILT_PRODUCTS_DIR; };
		1A9648D52D47CD7700268B29 /* ArtworkFeature.framework */ = {isa = PBXFileReference; explicitFileType = wrapper.framework; includeInIndex = 0; path = ArtworkFeature.framework; sourceTree = BUILT_PRODUCTS_DIR; };
		1A9648DE2D47CF1500268B29 /* PostingFeatureInterface.framework */ = {isa = PBXFileReference; explicitFileType = wrapper.framework; path = PostingFeatureInterface.framework; sourceTree = BUILT_PRODUCTS_DIR; };
		1A9648EC2D47CF9C00268B29 /* DesignSystem.framework */ = {isa = PBXFileReference; explicitFileType = wrapper.framework; path = DesignSystem.framework; sourceTree = BUILT_PRODUCTS_DIR; };
		1A9649DB2D4A936F00268B29 /* ThirdParty.framework */ = {isa = PBXFileReference; explicitFileType = wrapper.framework; path = ThirdParty.framework; sourceTree = BUILT_PRODUCTS_DIR; };
		1AA6AAB42D5A5A5500A6CC9D /* CommonUI.framework */ = {isa = PBXFileReference; explicitFileType = wrapper.framework; path = CommonUI.framework; sourceTree = BUILT_PRODUCTS_DIR; };
/* End PBXFileReference section */

/* Begin PBXFileSystemSynchronizedBuildFileExceptionSet section */
		1A0B4B282D477FFB002D10DE /* Exceptions for "ArtworkFeatureInterface" folder in "ArtworkFeatureInterface" target */ = {
			isa = PBXFileSystemSynchronizedBuildFileExceptionSet;
			publicHeaders = (
				ArtworkFeatureInterface.h,
			);
			target = 1A0B4B232D477FFB002D10DE /* ArtworkFeatureInterface */;
		};
		1A9648D92D47CD7700268B29 /* Exceptions for "ArtworkFeature" folder in "ArtworkFeature" target */ = {
			isa = PBXFileSystemSynchronizedBuildFileExceptionSet;
			publicHeaders = (
				ArtworkFeature.h,
			);
			target = 1A9648D42D47CD7700268B29 /* ArtworkFeature */;
		};
/* End PBXFileSystemSynchronizedBuildFileExceptionSet section */

/* Begin PBXFileSystemSynchronizedRootGroup section */
		1A0B4B252D477FFB002D10DE /* ArtworkFeatureInterface */ = {
			isa = PBXFileSystemSynchronizedRootGroup;
			exceptions = (
				1A0B4B282D477FFB002D10DE /* Exceptions for "ArtworkFeatureInterface" folder in "ArtworkFeatureInterface" target */,
			);
			path = ArtworkFeatureInterface;
			sourceTree = "<group>";
		};
		1A9648D62D47CD7700268B29 /* ArtworkFeature */ = {
			isa = PBXFileSystemSynchronizedRootGroup;
			exceptions = (
				1A9648D92D47CD7700268B29 /* Exceptions for "ArtworkFeature" folder in "ArtworkFeature" target */,
			);
			path = ArtworkFeature;
			sourceTree = "<group>";
		};
/* End PBXFileSystemSynchronizedRootGroup section */

/* Begin PBXFrameworksBuildPhase section */
		1A0B4B212D477FFB002D10DE /* Frameworks */ = {
			isa = PBXFrameworksBuildPhase;
			buildActionMask = 2147483647;
			files = (
				1A4DB86E2D4FE21C00964DE0 /* Utils.framework in Frameworks */,
			);
			runOnlyForDeploymentPostprocessing = 0;
		};
		1A9648D22D47CD7700268B29 /* Frameworks */ = {
			isa = PBXFrameworksBuildPhase;
			buildActionMask = 2147483647;
			files = (
				1A9648E22D47CF7100268B29 /* ArtworkFeatureInterface.framework in Frameworks */,
				1A4DB7752D4FBDB700964DE0 /* ListKit.framework in Frameworks */,
				1AA6AAB52D5A5A5500A6CC9D /* CommonUI.framework in Frameworks */,
				1A9649DC2D4A936F00268B29 /* ThirdParty.framework in Frameworks */,
				1A4DB7AB2D4FD4A400964DE0 /* Networking.framework in Frameworks */,
				1A4DB8682D4FDE3100964DE0 /* Utils.framework in Frameworks */,
				1A9648ED2D47CF9C00268B29 /* DesignSystem.framework in Frameworks */,
			);
			runOnlyForDeploymentPostprocessing = 0;
		};
/* End PBXFrameworksBuildPhase section */

/* Begin PBXGroup section */
		1A0B4B0C2D477FED002D10DE = {
			isa = PBXGroup;
			children = (
				1A0B4B252D477FFB002D10DE /* ArtworkFeatureInterface */,
				1A9648D62D47CD7700268B29 /* ArtworkFeature */,
				1A9648DD2D47CF1500268B29 /* Frameworks */,
				1A0B4B162D477FED002D10DE /* Products */,
			);
			sourceTree = "<group>";
		};
		1A0B4B162D477FED002D10DE /* Products */ = {
			isa = PBXGroup;
			children = (
				1A0B4B242D477FFB002D10DE /* ArtworkFeatureInterface.framework */,
				1A9648D52D47CD7700268B29 /* ArtworkFeature.framework */,
			);
			name = Products;
			sourceTree = "<group>";
		};
		1A9648DD2D47CF1500268B29 /* Frameworks */ = {
			isa = PBXGroup;
			children = (
				1AA6AAB42D5A5A5500A6CC9D /* CommonUI.framework */,
				1A4DB86D2D4FE21C00964DE0 /* Utils.framework */,
				1A4DB8672D4FDE3100964DE0 /* Utils.framework */,
				1A4DB7AA2D4FD4A400964DE0 /* Networking.framework */,
				1A4DB7742D4FBDB700964DE0 /* ListKit.framework */,
				1A9649DB2D4A936F00268B29 /* ThirdParty.framework */,
				1A9648EC2D47CF9C00268B29 /* DesignSystem.framework */,
				1A9648DE2D47CF1500268B29 /* PostingFeatureInterface.framework */,
			);
			name = Frameworks;
			sourceTree = "<group>";
		};
/* End PBXGroup section */

/* Begin PBXHeadersBuildPhase section */
		1A0B4B1F2D477FFB002D10DE /* Headers */ = {
			isa = PBXHeadersBuildPhase;
			buildActionMask = 2147483647;
			files = (
			);
			runOnlyForDeploymentPostprocessing = 0;
		};
		1A9648D02D47CD7700268B29 /* Headers */ = {
			isa = PBXHeadersBuildPhase;
			buildActionMask = 2147483647;
			files = (
			);
			runOnlyForDeploymentPostprocessing = 0;
		};
/* End PBXHeadersBuildPhase section */

/* Begin PBXNativeTarget section */
		1A0B4B232D477FFB002D10DE /* ArtworkFeatureInterface */ = {
			isa = PBXNativeTarget;
			buildConfigurationList = 1A0B4B292D477FFB002D10DE /* Build configuration list for PBXNativeTarget "ArtworkFeatureInterface" */;
			buildPhases = (
				1A0B4B1F2D477FFB002D10DE /* Headers */,
				1A0B4B202D477FFB002D10DE /* Sources */,
				1A0B4B212D477FFB002D10DE /* Frameworks */,
				1A0B4B222D477FFB002D10DE /* Resources */,
				1A4DB8702D4FE21C00964DE0 /* Embed Frameworks */,
			);
			buildRules = (
			);
			dependencies = (
			);
			fileSystemSynchronizedGroups = (
				1A0B4B252D477FFB002D10DE /* ArtworkFeatureInterface */,
			);
			name = ArtworkFeatureInterface;
			packageProductDependencies = (
			);
			productName = ArtworkFeatureInterface;
			productReference = 1A0B4B242D477FFB002D10DE /* ArtworkFeatureInterface.framework */;
			productType = "com.apple.product-type.framework";
		};
		1A9648D42D47CD7700268B29 /* ArtworkFeature */ = {
			isa = PBXNativeTarget;
			buildConfigurationList = 1A9648DA2D47CD7700268B29 /* Build configuration list for PBXNativeTarget "ArtworkFeature" */;
			buildPhases = (
				1A9648D02D47CD7700268B29 /* Headers */,
				1A9648D12D47CD7700268B29 /* Sources */,
				1A9648D22D47CD7700268B29 /* Frameworks */,
				1A9648D32D47CD7700268B29 /* Resources */,
				1A9648E62D47CF7100268B29 /* Embed Frameworks */,
			);
			buildRules = (
			);
			dependencies = (
				1A9648E52D47CF7100268B29 /* PBXTargetDependency */,
			);
			fileSystemSynchronizedGroups = (
				1A9648D62D47CD7700268B29 /* ArtworkFeature */,
			);
			name = ArtworkFeature;
			packageProductDependencies = (
			);
			productName = ArtworkFeature;
			productReference = 1A9648D52D47CD7700268B29 /* ArtworkFeature.framework */;
			productType = "com.apple.product-type.framework";
		};
/* End PBXNativeTarget section */

/* Begin PBXProject section */
		1A0B4B0D2D477FED002D10DE /* Project object */ = {
			isa = PBXProject;
			attributes = {
				BuildIndependentTargetsInParallel = 1;
				LastSwiftUpdateCheck = 1600;
				LastUpgradeCheck = 1600;
				TargetAttributes = {
					1A0B4B232D477FFB002D10DE = {
						CreatedOnToolsVersion = 16.0;
						LastSwiftMigration = 1600;
					};
					1A9648D42D47CD7700268B29 = {
						CreatedOnToolsVersion = 16.0;
						LastSwiftMigration = 1600;
					};
				};
			};
			buildConfigurationList = 1A0B4B102D477FED002D10DE /* Build configuration list for PBXProject "ArtworkFeature" */;
			developmentRegion = en;
			hasScannedForEncodings = 0;
			knownRegions = (
				en,
				Base,
			);
			mainGroup = 1A0B4B0C2D477FED002D10DE;
			minimizedProjectReferenceProxies = 1;
			preferredProjectObjectVersion = 77;
			productRefGroup = 1A0B4B162D477FED002D10DE /* Products */;
			projectDirPath = "";
			projectRoot = "";
			targets = (
				1A0B4B232D477FFB002D10DE /* ArtworkFeatureInterface */,
				1A9648D42D47CD7700268B29 /* ArtworkFeature */,
			);
		};
/* End PBXProject section */

/* Begin PBXResourcesBuildPhase section */
		1A0B4B222D477FFB002D10DE /* Resources */ = {
			isa = PBXResourcesBuildPhase;
			buildActionMask = 2147483647;
			files = (
			);
			runOnlyForDeploymentPostprocessing = 0;
		};
		1A9648D32D47CD7700268B29 /* Resources */ = {
			isa = PBXResourcesBuildPhase;
			buildActionMask = 2147483647;
			files = (
			);
			runOnlyForDeploymentPostprocessing = 0;
		};
/* End PBXResourcesBuildPhase section */

/* Begin PBXSourcesBuildPhase section */
		1A0B4B202D477FFB002D10DE /* Sources */ = {
			isa = PBXSourcesBuildPhase;
			buildActionMask = 2147483647;
			files = (
			);
			runOnlyForDeploymentPostprocessing = 0;
		};
		1A9648D12D47CD7700268B29 /* Sources */ = {
			isa = PBXSourcesBuildPhase;
			buildActionMask = 2147483647;
			files = (
			);
			runOnlyForDeploymentPostprocessing = 0;
		};
/* End PBXSourcesBuildPhase section */

/* Begin PBXTargetDependency section */
		1A9648E52D47CF7100268B29 /* PBXTargetDependency */ = {
			isa = PBXTargetDependency;
			target = 1A0B4B232D477FFB002D10DE /* ArtworkFeatureInterface */;
			targetProxy = 1A9648E42D47CF7100268B29 /* PBXContainerItemProxy */;
		};
/* End PBXTargetDependency section */

/* Begin XCBuildConfiguration section */
		1A0B4B1A2D477FED002D10DE /* Debug */ = {
			isa = XCBuildConfiguration;
			buildSettings = {
				ALWAYS_SEARCH_USER_PATHS = NO;
				ASSETCATALOG_COMPILER_GENERATE_SWIFT_ASSET_SYMBOL_EXTENSIONS = YES;
				CLANG_ANALYZER_NONNULL = YES;
				CLANG_ANALYZER_NUMBER_OBJECT_CONVERSION = YES_AGGRESSIVE;
				CLANG_CXX_LANGUAGE_STANDARD = "gnu++20";
				CLANG_ENABLE_MODULES = YES;
				CLANG_ENABLE_OBJC_ARC = YES;
				CLANG_ENABLE_OBJC_WEAK = YES;
				CLANG_WARN_BLOCK_CAPTURE_AUTORELEASING = YES;
				CLANG_WARN_BOOL_CONVERSION = YES;
				CLANG_WARN_COMMA = YES;
				CLANG_WARN_CONSTANT_CONVERSION = YES;
				CLANG_WARN_DEPRECATED_OBJC_IMPLEMENTATIONS = YES;
				CLANG_WARN_DIRECT_OBJC_ISA_USAGE = YES_ERROR;
				CLANG_WARN_DOCUMENTATION_COMMENTS = YES;
				CLANG_WARN_EMPTY_BODY = YES;
				CLANG_WARN_ENUM_CONVERSION = YES;
				CLANG_WARN_INFINITE_RECURSION = YES;
				CLANG_WARN_INT_CONVERSION = YES;
				CLANG_WARN_NON_LITERAL_NULL_CONVERSION = YES;
				CLANG_WARN_OBJC_IMPLICIT_RETAIN_SELF = YES;
				CLANG_WARN_OBJC_LITERAL_CONVERSION = YES;
				CLANG_WARN_OBJC_ROOT_CLASS = YES_ERROR;
				CLANG_WARN_QUOTED_INCLUDE_IN_FRAMEWORK_HEADER = YES;
				CLANG_WARN_RANGE_LOOP_ANALYSIS = YES;
				CLANG_WARN_STRICT_PROTOTYPES = YES;
				CLANG_WARN_SUSPICIOUS_MOVE = YES;
				CLANG_WARN_UNGUARDED_AVAILABILITY = YES_AGGRESSIVE;
				CLANG_WARN_UNREACHABLE_CODE = YES;
				CLANG_WARN__DUPLICATE_METHOD_MATCH = YES;
				COPY_PHASE_STRIP = NO;
				DEBUG_INFORMATION_FORMAT = dwarf;
				ENABLE_STRICT_OBJC_MSGSEND = YES;
				ENABLE_TESTABILITY = YES;
				ENABLE_USER_SCRIPT_SANDBOXING = YES;
				GCC_C_LANGUAGE_STANDARD = gnu17;
				GCC_DYNAMIC_NO_PIC = NO;
				GCC_NO_COMMON_BLOCKS = YES;
				GCC_OPTIMIZATION_LEVEL = 0;
				GCC_PREPROCESSOR_DEFINITIONS = (
					"DEBUG=1",
					"$(inherited)",
				);
				GCC_WARN_64_TO_32_BIT_CONVERSION = YES;
				GCC_WARN_ABOUT_RETURN_TYPE = YES_ERROR;
				GCC_WARN_UNDECLARED_SELECTOR = YES;
				GCC_WARN_UNINITIALIZED_AUTOS = YES_AGGRESSIVE;
				GCC_WARN_UNUSED_FUNCTION = YES;
				GCC_WARN_UNUSED_VARIABLE = YES;
				IPHONEOS_DEPLOYMENT_TARGET = 18.0;
				LOCALIZATION_PREFERS_STRING_CATALOGS = YES;
				MTL_ENABLE_DEBUG_INFO = INCLUDE_SOURCE;
				MTL_FAST_MATH = YES;
				ONLY_ACTIVE_ARCH = YES;
				SDKROOT = iphoneos;
				SWIFT_ACTIVE_COMPILATION_CONDITIONS = "DEBUG $(inherited)";
				SWIFT_OPTIMIZATION_LEVEL = "-Onone";
			};
			name = Debug;
		};
		1A0B4B1B2D477FED002D10DE /* Release */ = {
			isa = XCBuildConfiguration;
			buildSettings = {
				ALWAYS_SEARCH_USER_PATHS = NO;
				ASSETCATALOG_COMPILER_GENERATE_SWIFT_ASSET_SYMBOL_EXTENSIONS = YES;
				CLANG_ANALYZER_NONNULL = YES;
				CLANG_ANALYZER_NUMBER_OBJECT_CONVERSION = YES_AGGRESSIVE;
				CLANG_CXX_LANGUAGE_STANDARD = "gnu++20";
				CLANG_ENABLE_MODULES = YES;
				CLANG_ENABLE_OBJC_ARC = YES;
				CLANG_ENABLE_OBJC_WEAK = YES;
				CLANG_WARN_BLOCK_CAPTURE_AUTORELEASING = YES;
				CLANG_WARN_BOOL_CONVERSION = YES;
				CLANG_WARN_COMMA = YES;
				CLANG_WARN_CONSTANT_CONVERSION = YES;
				CLANG_WARN_DEPRECATED_OBJC_IMPLEMENTATIONS = YES;
				CLANG_WARN_DIRECT_OBJC_ISA_USAGE = YES_ERROR;
				CLANG_WARN_DOCUMENTATION_COMMENTS = YES;
				CLANG_WARN_EMPTY_BODY = YES;
				CLANG_WARN_ENUM_CONVERSION = YES;
				CLANG_WARN_INFINITE_RECURSION = YES;
				CLANG_WARN_INT_CONVERSION = YES;
				CLANG_WARN_NON_LITERAL_NULL_CONVERSION = YES;
				CLANG_WARN_OBJC_IMPLICIT_RETAIN_SELF = YES;
				CLANG_WARN_OBJC_LITERAL_CONVERSION = YES;
				CLANG_WARN_OBJC_ROOT_CLASS = YES_ERROR;
				CLANG_WARN_QUOTED_INCLUDE_IN_FRAMEWORK_HEADER = YES;
				CLANG_WARN_RANGE_LOOP_ANALYSIS = YES;
				CLANG_WARN_STRICT_PROTOTYPES = YES;
				CLANG_WARN_SUSPICIOUS_MOVE = YES;
				CLANG_WARN_UNGUARDED_AVAILABILITY = YES_AGGRESSIVE;
				CLANG_WARN_UNREACHABLE_CODE = YES;
				CLANG_WARN__DUPLICATE_METHOD_MATCH = YES;
				COPY_PHASE_STRIP = NO;
				DEBUG_INFORMATION_FORMAT = "dwarf-with-dsym";
				ENABLE_NS_ASSERTIONS = NO;
				ENABLE_STRICT_OBJC_MSGSEND = YES;
				ENABLE_USER_SCRIPT_SANDBOXING = YES;
				GCC_C_LANGUAGE_STANDARD = gnu17;
				GCC_NO_COMMON_BLOCKS = YES;
				GCC_WARN_64_TO_32_BIT_CONVERSION = YES;
				GCC_WARN_ABOUT_RETURN_TYPE = YES_ERROR;
				GCC_WARN_UNDECLARED_SELECTOR = YES;
				GCC_WARN_UNINITIALIZED_AUTOS = YES_AGGRESSIVE;
				GCC_WARN_UNUSED_FUNCTION = YES;
				GCC_WARN_UNUSED_VARIABLE = YES;
				IPHONEOS_DEPLOYMENT_TARGET = 18.0;
				LOCALIZATION_PREFERS_STRING_CATALOGS = YES;
				MTL_ENABLE_DEBUG_INFO = NO;
				MTL_FAST_MATH = YES;
				SDKROOT = iphoneos;
				SWIFT_COMPILATION_MODE = wholemodule;
				VALIDATE_PRODUCT = YES;
			};
			name = Release;
		};
		1A0B4B2A2D477FFB002D10DE /* Debug */ = {
			isa = XCBuildConfiguration;
			buildSettings = {
				BUILD_LIBRARY_FOR_DISTRIBUTION = YES;
				CLANG_ENABLE_MODULES = YES;
				CODE_SIGN_STYLE = Automatic;
				CURRENT_PROJECT_VERSION = 1;
				DEFINES_MODULE = YES;
				DYLIB_COMPATIBILITY_VERSION = 1;
				DYLIB_CURRENT_VERSION = 1;
				DYLIB_INSTALL_NAME_BASE = "@rpath";
				ENABLE_MODULE_VERIFIER = YES;
				GENERATE_INFOPLIST_FILE = YES;
				INFOPLIST_KEY_NSHumanReadableCopyright = "";
				INSTALL_PATH = "$(LOCAL_LIBRARY_DIR)/Frameworks";
				LD_RUNPATH_SEARCH_PATHS = (
					"$(inherited)",
					"@executable_path/Frameworks",
					"@loader_path/Frameworks",
				);
				MARKETING_VERSION = 1.0;
				MODULE_VERIFIER_SUPPORTED_LANGUAGES = "objective-c objective-c++";
				MODULE_VERIFIER_SUPPORTED_LANGUAGE_STANDARDS = "gnu17 gnu++20";
				PRODUCT_BUNDLE_IDENTIFIER = kr.com.ArtworkFeatureInterface;
				PRODUCT_NAME = "$(TARGET_NAME:c99extidentifier)";
				SKIP_INSTALL = YES;
				SUPPORTED_PLATFORMS = "iphoneos iphonesimulator";
				SUPPORTS_MACCATALYST = NO;
				SUPPORTS_MAC_DESIGNED_FOR_IPHONE_IPAD = NO;
				SUPPORTS_XR_DESIGNED_FOR_IPHONE_IPAD = NO;
				SWIFT_EMIT_LOC_STRINGS = YES;
				SWIFT_INSTALL_OBJC_HEADER = NO;
				SWIFT_OPTIMIZATION_LEVEL = "-Onone";
				SWIFT_VERSION = 5.0;
				TARGETED_DEVICE_FAMILY = "1,2";
				VERSIONING_SYSTEM = "apple-generic";
				VERSION_INFO_PREFIX = "";
			};
			name = Debug;
		};
		1A0B4B2B2D477FFB002D10DE /* Release */ = {
			isa = XCBuildConfiguration;
			buildSettings = {
				BUILD_LIBRARY_FOR_DISTRIBUTION = YES;
				CLANG_ENABLE_MODULES = YES;
				CODE_SIGN_STYLE = Automatic;
				CURRENT_PROJECT_VERSION = 1;
				DEFINES_MODULE = YES;
				DYLIB_COMPATIBILITY_VERSION = 1;
				DYLIB_CURRENT_VERSION = 1;
				DYLIB_INSTALL_NAME_BASE = "@rpath";
				ENABLE_MODULE_VERIFIER = YES;
				GENERATE_INFOPLIST_FILE = YES;
				INFOPLIST_KEY_NSHumanReadableCopyright = "";
				INSTALL_PATH = "$(LOCAL_LIBRARY_DIR)/Frameworks";
				LD_RUNPATH_SEARCH_PATHS = (
					"$(inherited)",
					"@executable_path/Frameworks",
					"@loader_path/Frameworks",
				);
				MARKETING_VERSION = 1.0;
				MODULE_VERIFIER_SUPPORTED_LANGUAGES = "objective-c objective-c++";
				MODULE_VERIFIER_SUPPORTED_LANGUAGE_STANDARDS = "gnu17 gnu++20";
				PRODUCT_BUNDLE_IDENTIFIER = kr.com.ArtworkFeatureInterface;
				PRODUCT_NAME = "$(TARGET_NAME:c99extidentifier)";
				SKIP_INSTALL = YES;
				SUPPORTED_PLATFORMS = "iphoneos iphonesimulator";
				SUPPORTS_MACCATALYST = NO;
				SUPPORTS_MAC_DESIGNED_FOR_IPHONE_IPAD = NO;
				SUPPORTS_XR_DESIGNED_FOR_IPHONE_IPAD = NO;
				SWIFT_EMIT_LOC_STRINGS = YES;
				SWIFT_INSTALL_OBJC_HEADER = NO;
				SWIFT_VERSION = 5.0;
				TARGETED_DEVICE_FAMILY = "1,2";
				VERSIONING_SYSTEM = "apple-generic";
				VERSION_INFO_PREFIX = "";
			};
			name = Release;
		};
		1A9648DB2D47CD7700268B29 /* Debug */ = {
			isa = XCBuildConfiguration;
			buildSettings = {
				BUILD_LIBRARY_FOR_DISTRIBUTION = YES;
				CLANG_ENABLE_MODULES = YES;
				CODE_SIGN_STYLE = Automatic;
				CURRENT_PROJECT_VERSION = 1;
				DEFINES_MODULE = YES;
				DYLIB_COMPATIBILITY_VERSION = 1;
				DYLIB_CURRENT_VERSION = 1;
				DYLIB_INSTALL_NAME_BASE = "@rpath";
				ENABLE_MODULE_VERIFIER = YES;
				GENERATE_INFOPLIST_FILE = YES;
				INFOPLIST_KEY_NSHumanReadableCopyright = "";
				INSTALL_PATH = "$(LOCAL_LIBRARY_DIR)/Frameworks";
				LD_RUNPATH_SEARCH_PATHS = (
					"$(inherited)",
					"@executable_path/Frameworks",
					"@loader_path/Frameworks",
				);
				MARKETING_VERSION = 1.0;
				MODULE_VERIFIER_SUPPORTED_LANGUAGES = "objective-c objective-c++";
				MODULE_VERIFIER_SUPPORTED_LANGUAGE_STANDARDS = "gnu17 gnu++20";
				PRODUCT_BUNDLE_IDENTIFIER = kr.com.ArtworkFeature;
				PRODUCT_NAME = "$(TARGET_NAME:c99extidentifier)";
				SKIP_INSTALL = YES;
				SUPPORTED_PLATFORMS = "iphoneos iphonesimulator";
				SUPPORTS_MACCATALYST = NO;
				SUPPORTS_MAC_DESIGNED_FOR_IPHONE_IPAD = NO;
				SUPPORTS_XR_DESIGNED_FOR_IPHONE_IPAD = NO;
				SWIFT_EMIT_LOC_STRINGS = YES;
				SWIFT_INSTALL_OBJC_HEADER = NO;
				SWIFT_OPTIMIZATION_LEVEL = "-Onone";
				SWIFT_VERSION = 5.0;
				TARGETED_DEVICE_FAMILY = "1,2";
				VERSIONING_SYSTEM = "apple-generic";
				VERSION_INFO_PREFIX = "";
			};
			name = Debug;
		};
		1A9648DC2D47CD7700268B29 /* Release */ = {
			isa = XCBuildConfiguration;
			buildSettings = {
				BUILD_LIBRARY_FOR_DISTRIBUTION = YES;
				CLANG_ENABLE_MODULES = YES;
				CODE_SIGN_STYLE = Automatic;
				CURRENT_PROJECT_VERSION = 1;
				DEFINES_MODULE = YES;
				DYLIB_COMPATIBILITY_VERSION = 1;
				DYLIB_CURRENT_VERSION = 1;
				DYLIB_INSTALL_NAME_BASE = "@rpath";
				ENABLE_MODULE_VERIFIER = YES;
				GENERATE_INFOPLIST_FILE = YES;
				INFOPLIST_KEY_NSHumanReadableCopyright = "";
				INSTALL_PATH = "$(LOCAL_LIBRARY_DIR)/Frameworks";
				LD_RUNPATH_SEARCH_PATHS = (
					"$(inherited)",
					"@executable_path/Frameworks",
					"@loader_path/Frameworks",
				);
				MARKETING_VERSION = 1.0;
				MODULE_VERIFIER_SUPPORTED_LANGUAGES = "objective-c objective-c++";
				MODULE_VERIFIER_SUPPORTED_LANGUAGE_STANDARDS = "gnu17 gnu++20";
				PRODUCT_BUNDLE_IDENTIFIER = kr.com.ArtworkFeature;
				PRODUCT_NAME = "$(TARGET_NAME:c99extidentifier)";
				SKIP_INSTALL = YES;
				SUPPORTED_PLATFORMS = "iphoneos iphonesimulator";
				SUPPORTS_MACCATALYST = NO;
				SUPPORTS_MAC_DESIGNED_FOR_IPHONE_IPAD = NO;
				SUPPORTS_XR_DESIGNED_FOR_IPHONE_IPAD = NO;
				SWIFT_EMIT_LOC_STRINGS = YES;
				SWIFT_INSTALL_OBJC_HEADER = NO;
				SWIFT_VERSION = 5.0;
				TARGETED_DEVICE_FAMILY = "1,2";
				VERSIONING_SYSTEM = "apple-generic";
				VERSION_INFO_PREFIX = "";
			};
			name = Release;
		};
/* End XCBuildConfiguration section */

/* Begin XCConfigurationList section */
		1A0B4B102D477FED002D10DE /* Build configuration list for PBXProject "ArtworkFeature" */ = {
			isa = XCConfigurationList;
			buildConfigurations = (
				1A0B4B1A2D477FED002D10DE /* Debug */,
				1A0B4B1B2D477FED002D10DE /* Release */,
			);
			defaultConfigurationIsVisible = 0;
			defaultConfigurationName = Release;
		};
		1A0B4B292D477FFB002D10DE /* Build configuration list for PBXNativeTarget "ArtworkFeatureInterface" */ = {
			isa = XCConfigurationList;
			buildConfigurations = (
				1A0B4B2A2D477FFB002D10DE /* Debug */,
				1A0B4B2B2D477FFB002D10DE /* Release */,
			);
			defaultConfigurationIsVisible = 0;
			defaultConfigurationName = Release;
		};
		1A9648DA2D47CD7700268B29 /* Build configuration list for PBXNativeTarget "ArtworkFeature" */ = {
			isa = XCConfigurationList;
			buildConfigurations = (
				1A9648DB2D47CD7700268B29 /* Debug */,
				1A9648DC2D47CD7700268B29 /* Release */,
			);
			defaultConfigurationIsVisible = 0;
			defaultConfigurationName = Release;
		};
/* End XCConfigurationList section */
	};
	rootObject = 1A0B4B0D2D477FED002D10DE /* Project object */;
}
